{
  "nodes": {
    "cargo2nix": {
      "inputs": {
        "flake-utils": [
          "flake-utils"
        ],
        "nixpkgs": [
          "nixpkgs"
        ],
        "rust-overlay": [
          "rust-overlay"
        ]
      },
      "locked": {
        "lastModified": 1648397583,
        "narHash": "sha256-g1Ej9APkfHjGd9ExBDvpmyAvsKcfMOsNH6p95xc8E/Y=",
        "owner": "cargo2nix",
        "repo": "cargo2nix",
        "rev": "4362ae00fe824d120e94dd5d6f6e63969dc3d264",
        "type": "github"
      },
      "original": {
        "owner": "cargo2nix",
        "repo": "cargo2nix",
        "type": "github"
      }
    },
    "flake-utils": {
      "locked": {
        "lastModified": 1649676176,
        "narHash": "sha256-OWKJratjt2RW151VUlJPRALb7OU2S5s+f0vLj4o1bHM=",
        "owner": "numtide",
        "repo": "flake-utils",
        "rev": "a4b154ebbdc88c8498a5c7b01589addc9e9cb678",
        "type": "github"
      },
      "original": {
        "owner": "numtide",
        "repo": "flake-utils",
        "type": "github"
      }
    },
    "nixpkgs": {
      "locked": {
        "lastModified": 1652238835,
        "narHash": "sha256-41kHrN4iaUU3yU6KodZsNecOikhyigS8h/y1z1G0KFk=",
        "owner": "NixOS",
        "repo": "nixpkgs",
        "rev": "84f1dcef1097fac773626b2ca06acd83b0b8910e",
        "type": "github"
      },
      "original": {
        "owner": "NixOS",
        "repo": "nixpkgs",
        "type": "github"
      }
    },
    "root": {
      "inputs": {
        "cargo2nix": "cargo2nix",
        "flake-utils": "flake-utils",
        "nixpkgs": "nixpkgs",
        "rust-overlay": "rust-overlay"
      }
    },
    "rust-overlay": {
      "inputs": {
        "flake-utils": [
          "flake-utils"
        ],
        "nixpkgs": [
          "nixpkgs"
        ]
      },
      "locked": {
        "lastModified": 1652236937,
        "narHash": "sha256-anMSkIvaxB3jV74nTvPcE8fH7bZ5LPuc2wXGvt50Oe0=",
        "owner": "oxalica",
        "repo": "rust-overlay",
        "rev": "18c816d2d10317f4a8816925a12cb4bbdd0821de",
        "type": "github"
      },
      "original": {
        "owner": "oxalica",
        "repo": "rust-overlay",
        "type": "github"
      }
    }
  },
  "root": "root",
  "version": 7
}
